
Microsoft Visual Studio Solution File, Format Version 12.00
# Visual Studio Version 16
VisualStudioVersion = 16.0.31729.503
MinimumVisualStudioVersion = 10.0.40219.1
Project("{FAE04EC0-301F-11D3-BF4B-00C04F79EFBC}") = "u21487822_HW3", "u21487822_HW3.csproj", "{EA2EC27A-4981-4A05-BC94-05A6E28E0379}"
EndProject
Global
	GlobalSection(SolutionConfigurationPlatforms) = preSolution
		Debug|Any CPU = Debug|Any CPU
		Release|Any CPU = Release|Any CPU
	EndGlobalSection
	GlobalSection(ProjectConfigurationPlatforms) = postSolution
		{EA2EC27A-4981-4A05-BC94-05A6E28E0379}.Debug|Any CPU.ActiveCfg = Debug|Any CPU
		{EA2EC27A-4981-4A05-BC94-05A6E28E0379}.Debug|Any CPU.Build.0 = Debug|Any CPU
		{EA2EC27A-4981-4A05-BC94-05A6E28E0379}.Release|Any CPU.ActiveCfg = Release|Any CPU
		{EA2EC27A-4981-4A05-BC94-05A6E28E0379}.Release|Any CPU.Build.0 = Release|Any CPU
	EndGlobalSection
	GlobalSection(SolutionProperties) = preSolution
		HideSolutionNode = FALSE
	EndGlobalSection
	GlobalSection(ExtensibilityGlobals) = postSolution
		SolutionGuid = {C5DAA0B7-B105-4946-85B5-BA1F8C416634}
	EndGlobalSection
EndGlobal
